// !$*UTF8*$!
{
	archiveVersion = 1;
	classes = {
	};
	objectVersion = 51;
	objects = {

/* Begin PBXBuildFile section */
		07C5AE510F78B8C13AA7E004 /* Pods_YHKit.framework in Frameworks */ = {isa = PBXBuildFile; fileRef = 3FABCB1FE0474F0EFD3E6902 /* Pods_YHKit.framework */; };
		822BEDD22443031800BC502C /* BaseViewController.m in Sources */ = {isa = PBXBuildFile; fileRef = 822BEDD12443031700BC502C /* BaseViewController.m */; };
		822BEDD52443036B00BC502C /* BaseNavigationController.m in Sources */ = {isa = PBXBuildFile; fileRef = 822BEDD42443036B00BC502C /* BaseNavigationController.m */; };
		822BEDD82443041300BC502C /* BaseTabBarController.m in Sources */ = {isa = PBXBuildFile; fileRef = 822BEDD72443041300BC502C /* BaseTabBarController.m */; };
		822BEDDB244304F200BC502C /* MainViewController.m in Sources */ = {isa = PBXBuildFile; fileRef = 822BEDDA244304F200BC502C /* MainViewController.m */; };
		823496102465624F00CCA4CC /* YHCustomDotView.m in Sources */ = {isa = PBXBuildFile; fileRef = 8234960F2465624F00CCA4CC /* YHCustomDotView.m */; };
		8234961A2465958E00CCA4CC /* HyCyclePageView.m in Sources */ = {isa = PBXBuildFile; fileRef = 823496122465958E00CCA4CC /* HyCyclePageView.m */; };
		8234961B2465958E00CCA4CC /* HySegmentView.m in Sources */ = {isa = PBXBuildFile; fileRef = 823496132465958E00CCA4CC /* HySegmentView.m */; };
		8234961C2465958E00CCA4CC /* UIView+HyFrame.m in Sources */ = {isa = PBXBuildFile; fileRef = 823496142465958E00CCA4CC /* UIView+HyFrame.m */; };
		8234961D2465958E00CCA4CC /* HyCycleView.m in Sources */ = {isa = PBXBuildFile; fileRef = 823496192465958E00CCA4CC /* HyCycleView.m */; };
		8234962024659ABC00CCA4CC /* YHView.m in Sources */ = {isa = PBXBuildFile; fileRef = 8234961F24659ABC00CCA4CC /* YHView.m */; };
		824EBAE424650384006EAE15 /* YHCycleScrollView.m in Sources */ = {isa = PBXBuildFile; fileRef = 824EBAE324650384006EAE15 /* YHCycleScrollView.m */; };
		825485A7250A0B14000849E1 /* main_top_bg.png in Resources */ = {isa = PBXBuildFile; fileRef = 825485A6250A0B14000849E1 /* main_top_bg.png */; };
		8265E818247E5FAA007F12B8 /* MainTableView.m in Sources */ = {isa = PBXBuildFile; fileRef = 8265E817247E5FAA007F12B8 /* MainTableView.m */; };
		8265E81B247E60C2007F12B8 /* UIView+Frame.m in Sources */ = {isa = PBXBuildFile; fileRef = 8265E819247E60C2007F12B8 /* UIView+Frame.m */; };
		8265E81F247E655A007F12B8 /* OCRecoverViewController.m in Sources */ = {isa = PBXBuildFile; fileRef = 8265E81E247E655A007F12B8 /* OCRecoverViewController.m */; };
		8265E822247E6694007F12B8 /* UIImage+Color.m in Sources */ = {isa = PBXBuildFile; fileRef = 8265E820247E6694007F12B8 /* UIImage+Color.m */; };
		8265E825247E6AD0007F12B8 /* BannerViewController.m in Sources */ = {isa = PBXBuildFile; fileRef = 8265E824247E6AD0007F12B8 /* BannerViewController.m */; };
		8290213724FDE20C007FDA90 /* YHHUD.m in Sources */ = {isa = PBXBuildFile; fileRef = 8290213524FDE20C007FDA90 /* YHHUD.m */; };
		82B652DE244FE29000EA4601 /* MyViewController.m in Sources */ = {isa = PBXBuildFile; fileRef = 82B652DD244FE29000EA4601 /* MyViewController.m */; };
		82D2F3AF2441BED000E4542D /* AppDelegate.m in Sources */ = {isa = PBXBuildFile; fileRef = 82D2F3AE2441BED000E4542D /* AppDelegate.m */; };
		82D2F3B22441BED000E4542D /* SceneDelegate.m in Sources */ = {isa = PBXBuildFile; fileRef = 82D2F3B12441BED000E4542D /* SceneDelegate.m */; };
		82D2F3B52441BED000E4542D /* ViewController.m in Sources */ = {isa = PBXBuildFile; fileRef = 82D2F3B42441BED000E4542D /* ViewController.m */; };
		82D2F3B82441BED000E4542D /* Main.storyboard in Resources */ = {isa = PBXBuildFile; fileRef = 82D2F3B62441BED000E4542D /* Main.storyboard */; };
		82D2F3BA2441BED100E4542D /* Assets.xcassets in Resources */ = {isa = PBXBuildFile; fileRef = 82D2F3B92441BED100E4542D /* Assets.xcassets */; };
		82D2F3BD2441BED100E4542D /* LaunchScreen.storyboard in Resources */ = {isa = PBXBuildFile; fileRef = 82D2F3BB2441BED100E4542D /* LaunchScreen.storyboard */; };
		82D2F3C02441BED100E4542D /* main.m in Sources */ = {isa = PBXBuildFile; fileRef = 82D2F3BF2441BED100E4542D /* main.m */; };
		82D2F3CA2441BED200E4542D /* YHKitTests.m in Sources */ = {isa = PBXBuildFile; fileRef = 82D2F3C92441BED200E4542D /* YHKitTests.m */; };
		82D2F3D52441BED200E4542D /* YHKitUITests.m in Sources */ = {isa = PBXBuildFile; fileRef = 82D2F3D42441BED200E4542D /* YHKitUITests.m */; };
		82E462EC2445F6E4000EB6DD /* ExploreViewController.m in Sources */ = {isa = PBXBuildFile; fileRef = 82E462EB2445F6E4000EB6DD /* ExploreViewController.m */; };
/* End PBXBuildFile section */

/* Begin PBXContainerItemProxy section */
		82D2F3C62441BED200E4542D /* PBXContainerItemProxy */ = {
			isa = PBXContainerItemProxy;
			containerPortal = 82D2F3A22441BED000E4542D /* Project object */;
			proxyType = 1;
			remoteGlobalIDString = 82D2F3A92441BED000E4542D;
			remoteInfo = YHKit;
		};
		82D2F3D12441BED200E4542D /* PBXContainerItemProxy */ = {
			isa = PBXContainerItemProxy;
			containerPortal = 82D2F3A22441BED000E4542D /* Project object */;
			proxyType = 1;
			remoteGlobalIDString = 82D2F3A92441BED000E4542D;
			remoteInfo = YHKit;
		};
/* End PBXContainerItemProxy section */

/* Begin PBXFileReference section */
		3FABCB1FE0474F0EFD3E6902 /* Pods_YHKit.framework */ = {isa = PBXFileReference; explicitFileType = wrapper.framework; includeInIndex = 0; path = Pods_YHKit.framework; sourceTree = BUILT_PRODUCTS_DIR; };
		5BA8CA729EEB55EB01C02347 /* Pods-YHKit.debug.xcconfig */ = {isa = PBXFileReference; includeInIndex = 1; lastKnownFileType = text.xcconfig; name = "Pods-YHKit.debug.xcconfig"; path = "Target Support Files/Pods-YHKit/Pods-YHKit.debug.xcconfig"; sourceTree = "<group>"; };
		822BEDD02443031700BC502C /* BaseViewController.h */ = {isa = PBXFileReference; lastKnownFileType = sourcecode.c.h; path = BaseViewController.h; sourceTree = "<group>"; };
		822BEDD12443031700BC502C /* BaseViewController.m */ = {isa = PBXFileReference; lastKnownFileType = sourcecode.c.objc; path = BaseViewController.m; sourceTree = "<group>"; };
		822BEDD32443036B00BC502C /* BaseNavigationController.h */ = {isa = PBXFileReference; lastKnownFileType = sourcecode.c.h; path = BaseNavigationController.h; sourceTree = "<group>"; };
		822BEDD42443036B00BC502C /* BaseNavigationController.m */ = {isa = PBXFileReference; lastKnownFileType = sourcecode.c.objc; path = BaseNavigationController.m; sourceTree = "<group>"; };
		822BEDD62443041300BC502C /* BaseTabBarController.h */ = {isa = PBXFileReference; lastKnownFileType = sourcecode.c.h; path = BaseTabBarController.h; sourceTree = "<group>"; };
		822BEDD72443041300BC502C /* BaseTabBarController.m */ = {isa = PBXFileReference; lastKnownFileType = sourcecode.c.objc; path = BaseTabBarController.m; sourceTree = "<group>"; };
		822BEDD9244304F200BC502C /* MainViewController.h */ = {isa = PBXFileReference; lastKnownFileType = sourcecode.c.h; path = MainViewController.h; sourceTree = "<group>"; };
		822BEDDA244304F200BC502C /* MainViewController.m */ = {isa = PBXFileReference; lastKnownFileType = sourcecode.c.objc; path = MainViewController.m; sourceTree = "<group>"; };
		8234960E2465624F00CCA4CC /* YHCustomDotView.h */ = {isa = PBXFileReference; lastKnownFileType = sourcecode.c.h; path = YHCustomDotView.h; sourceTree = "<group>"; };
		8234960F2465624F00CCA4CC /* YHCustomDotView.m */ = {isa = PBXFileReference; lastKnownFileType = sourcecode.c.objc; path = YHCustomDotView.m; sourceTree = "<group>"; };
		823496122465958E00CCA4CC /* HyCyclePageView.m */ = {isa = PBXFileReference; fileEncoding = 4; lastKnownFileType = sourcecode.c.objc; path = HyCyclePageView.m; sourceTree = "<group>"; };
		823496132465958E00CCA4CC /* HySegmentView.m */ = {isa = PBXFileReference; fileEncoding = 4; lastKnownFileType = sourcecode.c.objc; path = HySegmentView.m; sourceTree = "<group>"; };
		823496142465958E00CCA4CC /* UIView+HyFrame.m */ = {isa = PBXFileReference; fileEncoding = 4; lastKnownFileType = sourcecode.c.objc; path = "UIView+HyFrame.m"; sourceTree = "<group>"; };
		823496152465958E00CCA4CC /* HyCycleView.h */ = {isa = PBXFileReference; fileEncoding = 4; lastKnownFileType = sourcecode.c.h; path = HyCycleView.h; sourceTree = "<group>"; };
		823496162465958E00CCA4CC /* HyCyclePageView.h */ = {isa = PBXFileReference; fileEncoding = 4; lastKnownFileType = sourcecode.c.h; path = HyCyclePageView.h; sourceTree = "<group>"; };
		823496172465958E00CCA4CC /* HySegmentView.h */ = {isa = PBXFileReference; fileEncoding = 4; lastKnownFileType = sourcecode.c.h; path = HySegmentView.h; sourceTree = "<group>"; };
		823496182465958E00CCA4CC /* UIView+HyFrame.h */ = {isa = PBXFileReference; fileEncoding = 4; lastKnownFileType = sourcecode.c.h; path = "UIView+HyFrame.h"; sourceTree = "<group>"; };
		823496192465958E00CCA4CC /* HyCycleView.m */ = {isa = PBXFileReference; fileEncoding = 4; lastKnownFileType = sourcecode.c.objc; path = HyCycleView.m; sourceTree = "<group>"; };
		8234961E24659ABC00CCA4CC /* YHView.h */ = {isa = PBXFileReference; lastKnownFileType = sourcecode.c.h; path = YHView.h; sourceTree = "<group>"; };
		8234961F24659ABC00CCA4CC /* YHView.m */ = {isa = PBXFileReference; lastKnownFileType = sourcecode.c.objc; path = YHView.m; sourceTree = "<group>"; };
		824EBAE224650384006EAE15 /* YHCycleScrollView.h */ = {isa = PBXFileReference; lastKnownFileType = sourcecode.c.h; path = YHCycleScrollView.h; sourceTree = "<group>"; };
		824EBAE324650384006EAE15 /* YHCycleScrollView.m */ = {isa = PBXFileReference; lastKnownFileType = sourcecode.c.objc; path = YHCycleScrollView.m; sourceTree = "<group>"; };
		825485A6250A0B14000849E1 /* main_top_bg.png */ = {isa = PBXFileReference; lastKnownFileType = image.png; path = main_top_bg.png; sourceTree = "<group>"; };
		8265E816247E5FAA007F12B8 /* MainTableView.h */ = {isa = PBXFileReference; lastKnownFileType = sourcecode.c.h; path = MainTableView.h; sourceTree = "<group>"; };
		8265E817247E5FAA007F12B8 /* MainTableView.m */ = {isa = PBXFileReference; lastKnownFileType = sourcecode.c.objc; path = MainTableView.m; sourceTree = "<group>"; };
		8265E819247E60C2007F12B8 /* UIView+Frame.m */ = {isa = PBXFileReference; fileEncoding = 4; lastKnownFileType = sourcecode.c.objc; path = "UIView+Frame.m"; sourceTree = "<group>"; };
		8265E81A247E60C2007F12B8 /* UIView+Frame.h */ = {isa = PBXFileReference; fileEncoding = 4; lastKnownFileType = sourcecode.c.h; path = "UIView+Frame.h"; sourceTree = "<group>"; };
		8265E81C247E60F2007F12B8 /* Header.h */ = {isa = PBXFileReference; fileEncoding = 4; lastKnownFileType = sourcecode.c.h; path = Header.h; sourceTree = "<group>"; };
		8265E81D247E655A007F12B8 /* OCRecoverViewController.h */ = {isa = PBXFileReference; lastKnownFileType = sourcecode.c.h; path = OCRecoverViewController.h; sourceTree = "<group>"; };
		8265E81E247E655A007F12B8 /* OCRecoverViewController.m */ = {isa = PBXFileReference; lastKnownFileType = sourcecode.c.objc; path = OCRecoverViewController.m; sourceTree = "<group>"; };
		8265E820247E6694007F12B8 /* UIImage+Color.m */ = {isa = PBXFileReference; fileEncoding = 4; lastKnownFileType = sourcecode.c.objc; path = "UIImage+Color.m"; sourceTree = "<group>"; };
		8265E821247E6694007F12B8 /* UIImage+Color.h */ = {isa = PBXFileReference; fileEncoding = 4; lastKnownFileType = sourcecode.c.h; path = "UIImage+Color.h"; sourceTree = "<group>"; };
		8265E823247E6AD0007F12B8 /* BannerViewController.h */ = {isa = PBXFileReference; lastKnownFileType = sourcecode.c.h; path = BannerViewController.h; sourceTree = "<group>"; };
		8265E824247E6AD0007F12B8 /* BannerViewController.m */ = {isa = PBXFileReference; lastKnownFileType = sourcecode.c.objc; path = BannerViewController.m; sourceTree = "<group>"; };
		8290213524FDE20C007FDA90 /* YHHUD.m */ = {isa = PBXFileReference; fileEncoding = 4; lastKnownFileType = sourcecode.c.objc; path = YHHUD.m; sourceTree = "<group>"; };
		8290213624FDE20C007FDA90 /* YHHUD.h */ = {isa = PBXFileReference; fileEncoding = 4; lastKnownFileType = sourcecode.c.h; path = YHHUD.h; sourceTree = "<group>"; };
		82B652D7244FDB1800EA4601 /* PrefixHeader.pch */ = {isa = PBXFileReference; lastKnownFileType = sourcecode.c.h; path = PrefixHeader.pch; sourceTree = "<group>"; };
		82B652DC244FE29000EA4601 /* MyViewController.h */ = {isa = PBXFileReference; lastKnownFileType = sourcecode.c.h; path = MyViewController.h; sourceTree = "<group>"; };
		82B652DD244FE29000EA4601 /* MyViewController.m */ = {isa = PBXFileReference; lastKnownFileType = sourcecode.c.objc; path = MyViewController.m; sourceTree = "<group>"; };
		82B652DF244FEC9A00EA4601 /* BaseMacro.h */ = {isa = PBXFileReference; lastKnownFileType = sourcecode.c.h; path = BaseMacro.h; sourceTree = "<group>"; };
		82D2F3AA2441BED000E4542D /* YHKit.app */ = {isa = PBXFileReference; explicitFileType = wrapper.application; includeInIndex = 0; path = YHKit.app; sourceTree = BUILT_PRODUCTS_DIR; };
		82D2F3AD2441BED000E4542D /* AppDelegate.h */ = {isa = PBXFileReference; lastKnownFileType = sourcecode.c.h; path = AppDelegate.h; sourceTree = "<group>"; };
		82D2F3AE2441BED000E4542D /* AppDelegate.m */ = {isa = PBXFileReference; lastKnownFileType = sourcecode.c.objc; path = AppDelegate.m; sourceTree = "<group>"; };
		82D2F3B02441BED000E4542D /* SceneDelegate.h */ = {isa = PBXFileReference; lastKnownFileType = sourcecode.c.h; path = SceneDelegate.h; sourceTree = "<group>"; };
		82D2F3B12441BED000E4542D /* SceneDelegate.m */ = {isa = PBXFileReference; lastKnownFileType = sourcecode.c.objc; path = SceneDelegate.m; sourceTree = "<group>"; };
		82D2F3B32441BED000E4542D /* ViewController.h */ = {isa = PBXFileReference; lastKnownFileType = sourcecode.c.h; path = ViewController.h; sourceTree = "<group>"; };
		82D2F3B42441BED000E4542D /* ViewController.m */ = {isa = PBXFileReference; lastKnownFileType = sourcecode.c.objc; path = ViewController.m; sourceTree = "<group>"; };
		82D2F3B72441BED000E4542D /* Base */ = {isa = PBXFileReference; lastKnownFileType = file.storyboard; name = Base; path = Base.lproj/Main.storyboard; sourceTree = "<group>"; };
		82D2F3B92441BED100E4542D /* Assets.xcassets */ = {isa = PBXFileReference; lastKnownFileType = folder.assetcatalog; path = Assets.xcassets; sourceTree = "<group>"; };
		82D2F3BC2441BED100E4542D /* Base */ = {isa = PBXFileReference; lastKnownFileType = file.storyboard; name = Base; path = Base.lproj/LaunchScreen.storyboard; sourceTree = "<group>"; };
		82D2F3BE2441BED100E4542D /* Info.plist */ = {isa = PBXFileReference; lastKnownFileType = text.plist.xml; path = Info.plist; sourceTree = "<group>"; };
		82D2F3BF2441BED100E4542D /* main.m */ = {isa = PBXFileReference; lastKnownFileType = sourcecode.c.objc; path = main.m; sourceTree = "<group>"; };
		82D2F3C52441BED200E4542D /* YHKitTests.xctest */ = {isa = PBXFileReference; explicitFileType = wrapper.cfbundle; includeInIndex = 0; path = YHKitTests.xctest; sourceTree = BUILT_PRODUCTS_DIR; };
		82D2F3C92441BED200E4542D /* YHKitTests.m */ = {isa = PBXFileReference; lastKnownFileType = sourcecode.c.objc; path = YHKitTests.m; sourceTree = "<group>"; };
		82D2F3CB2441BED200E4542D /* Info.plist */ = {isa = PBXFileReference; lastKnownFileType = text.plist.xml; path = Info.plist; sourceTree = "<group>"; };
		82D2F3D02441BED200E4542D /* YHKitUITests.xctest */ = {isa = PBXFileReference; explicitFileType = wrapper.cfbundle; includeInIndex = 0; path = YHKitUITests.xctest; sourceTree = BUILT_PRODUCTS_DIR; };
		82D2F3D42441BED200E4542D /* YHKitUITests.m */ = {isa = PBXFileReference; lastKnownFileType = sourcecode.c.objc; path = YHKitUITests.m; sourceTree = "<group>"; };
		82D2F3D62441BED200E4542D /* Info.plist */ = {isa = PBXFileReference; lastKnownFileType = text.plist.xml; path = Info.plist; sourceTree = "<group>"; };
		82E462EA2445F6E4000EB6DD /* ExploreViewController.h */ = {isa = PBXFileReference; lastKnownFileType = sourcecode.c.h; path = ExploreViewController.h; sourceTree = "<group>"; };
		82E462EB2445F6E4000EB6DD /* ExploreViewController.m */ = {isa = PBXFileReference; lastKnownFileType = sourcecode.c.objc; path = ExploreViewController.m; sourceTree = "<group>"; };
		D1C2D03CFEA05255A4589483 /* Pods-YHKit.release.xcconfig */ = {isa = PBXFileReference; includeInIndex = 1; lastKnownFileType = text.xcconfig; name = "Pods-YHKit.release.xcconfig"; path = "Target Support Files/Pods-YHKit/Pods-YHKit.release.xcconfig"; sourceTree = "<group>"; };
/* End PBXFileReference section */

/* Begin PBXFrameworksBuildPhase section */
		82D2F3A72441BED000E4542D /* Frameworks */ = {
			isa = PBXFrameworksBuildPhase;
			buildActionMask = 2147483647;
			files = (
				07C5AE510F78B8C13AA7E004 /* Pods_YHKit.framework in Frameworks */,
			);
			runOnlyForDeploymentPostprocessing = 0;
		};
		82D2F3C22441BED200E4542D /* Frameworks */ = {
			isa = PBXFrameworksBuildPhase;
			buildActionMask = 2147483647;
			files = (
			);
			runOnlyForDeploymentPostprocessing = 0;
		};
		82D2F3CD2441BED200E4542D /* Frameworks */ = {
			isa = PBXFrameworksBuildPhase;
			buildActionMask = 2147483647;
			files = (
			);
			runOnlyForDeploymentPostprocessing = 0;
		};
/* End PBXFrameworksBuildPhase section */

/* Begin PBXGroup section */
		001901CF402908BCECE7787F /* Pods */ = {
			isa = PBXGroup;
			children = (
				5BA8CA729EEB55EB01C02347 /* Pods-YHKit.debug.xcconfig */,
				D1C2D03CFEA05255A4589483 /* Pods-YHKit.release.xcconfig */,
			);
			path = Pods;
			sourceTree = "<group>";
		};
		6CC890A5A18D7ACA39AB438C /* Frameworks */ = {
			isa = PBXGroup;
			children = (
				3FABCB1FE0474F0EFD3E6902 /* Pods_YHKit.framework */,
			);
			name = Frameworks;
			sourceTree = "<group>";
		};
		823496112465958E00CCA4CC /* HyCycleView */ = {
			isa = PBXGroup;
			children = (
				823496152465958E00CCA4CC /* HyCycleView.h */,
				823496192465958E00CCA4CC /* HyCycleView.m */,
				823496162465958E00CCA4CC /* HyCyclePageView.h */,
				823496122465958E00CCA4CC /* HyCyclePageView.m */,
				823496172465958E00CCA4CC /* HySegmentView.h */,
				823496132465958E00CCA4CC /* HySegmentView.m */,
				823496142465958E00CCA4CC /* UIView+HyFrame.m */,
				823496182465958E00CCA4CC /* UIView+HyFrame.h */,
			);
			path = HyCycleView;
			sourceTree = "<group>";
		};
		824EBAE124650361006EAE15 /* YHCycleScrollView */ = {
			isa = PBXGroup;
			children = (
				824EBAE224650384006EAE15 /* YHCycleScrollView.h */,
				824EBAE324650384006EAE15 /* YHCycleScrollView.m */,
				8234960E2465624F00CCA4CC /* YHCustomDotView.h */,
				8234960F2465624F00CCA4CC /* YHCustomDotView.m */,
			);
			path = YHCycleScrollView;
			sourceTree = "<group>";
		};
		825485A4250A0AFD000849E1 /* Resource */ = {
			isa = PBXGroup;
			children = (
				825485A5250A0B07000849E1 /* Main */,
			);
			path = Resource;
			sourceTree = "<group>";
		};
		825485A5250A0B07000849E1 /* Main */ = {
			isa = PBXGroup;
			children = (
				825485A6250A0B14000849E1 /* main_top_bg.png */,
			);
			path = Main;
			sourceTree = "<group>";
		};
		8265E815247E5F63007F12B8 /* View */ = {
			isa = PBXGroup;
			children = (
				8265E816247E5FAA007F12B8 /* MainTableView.h */,
				8265E817247E5FAA007F12B8 /* MainTableView.m */,
			);
			path = View;
			sourceTree = "<group>";
		};
		8290213424FDE20C007FDA90 /* YHAlertView */ = {
			isa = PBXGroup;
			children = (
				8290213624FDE20C007FDA90 /* YHHUD.h */,
				8290213524FDE20C007FDA90 /* YHHUD.m */,
			);
			path = YHAlertView;
			sourceTree = "<group>";
		};
		82B652D8244FE27C00EA4601 /* Controller */ = {
			isa = PBXGroup;
			children = (
				82B652DC244FE29000EA4601 /* MyViewController.h */,
				82B652DD244FE29000EA4601 /* MyViewController.m */,
			);
			path = Controller;
			sourceTree = "<group>";
		};
		82B652D9244FE27C00EA4601 /* ViewModel */ = {
			isa = PBXGroup;
			children = (
			);
			path = ViewModel;
			sourceTree = "<group>";
		};
		82B652DA244FE27C00EA4601 /* Model */ = {
			isa = PBXGroup;
			children = (
			);
			path = Model;
			sourceTree = "<group>";
		};
		82B652DB244FE27C00EA4601 /* View */ = {
			isa = PBXGroup;
			children = (
			);
			path = View;
			sourceTree = "<group>";
		};
		82D2F3A12441BED000E4542D = {
			isa = PBXGroup;
			children = (
				82D2F3AC2441BED000E4542D /* YHKit */,
				82D2F3C82441BED200E4542D /* YHKitTests */,
				82D2F3D32441BED200E4542D /* YHKitUITests */,
				82D2F3AB2441BED000E4542D /* Products */,
				001901CF402908BCECE7787F /* Pods */,
				6CC890A5A18D7ACA39AB438C /* Frameworks */,
			);
			sourceTree = "<group>";
		};
		82D2F3AB2441BED000E4542D /* Products */ = {
			isa = PBXGroup;
			children = (
				82D2F3AA2441BED000E4542D /* YHKit.app */,
				82D2F3C52441BED200E4542D /* YHKitTests.xctest */,
				82D2F3D02441BED200E4542D /* YHKitUITests.xctest */,
			);
			name = Products;
			sourceTree = "<group>";
		};
		82D2F3AC2441BED000E4542D /* YHKit */ = {
			isa = PBXGroup;
			children = (
				825485A4250A0AFD000849E1 /* Resource */,
				82D2F3EA2441C02400E4542D /* Base */,
				82D2F3E42441C01C00E4542D /* Category */,
				82D2F3E22441C01C00E4542D /* Config */,
				82D2F3E72441C01C00E4542D /* Manager */,
				82D2F3E52441C01C00E4542D /* Main */,
				82E462E52445F67D000EB6DD /* Explore */,
				82D2F3E82441C01D00E4542D /* My */,
				82D2F3E92441C01D00E4542D /* Other */,
				82D2F3E62441C01C00E4542D /* Tools */,
				82D2F3E32441C01C00E4542D /* Util */,
				82D2F3B92441BED100E4542D /* Assets.xcassets */,
			);
			path = YHKit;
			sourceTree = "<group>";
		};
		82D2F3C82441BED200E4542D /* YHKitTests */ = {
			isa = PBXGroup;
			children = (
				82D2F3C92441BED200E4542D /* YHKitTests.m */,
				82D2F3CB2441BED200E4542D /* Info.plist */,
			);
			path = YHKitTests;
			sourceTree = "<group>";
		};
		82D2F3D32441BED200E4542D /* YHKitUITests */ = {
			isa = PBXGroup;
			children = (
				82D2F3D42441BED200E4542D /* YHKitUITests.m */,
				82D2F3D62441BED200E4542D /* Info.plist */,
			);
			path = YHKitUITests;
			sourceTree = "<group>";
		};
		82D2F3E22441C01C00E4542D /* Config */ = {
			isa = PBXGroup;
			children = (
				82B652D7244FDB1800EA4601 /* PrefixHeader.pch */,
				8265E81C247E60F2007F12B8 /* Header.h */,
				82B652DF244FEC9A00EA4601 /* BaseMacro.h */,
			);
			path = Config;
			sourceTree = "<group>";
		};
		82D2F3E32441C01C00E4542D /* Util */ = {
			isa = PBXGroup;
			children = (
			);
			path = Util;
			sourceTree = "<group>";
		};
		82D2F3E42441C01C00E4542D /* Category */ = {
			isa = PBXGroup;
			children = (
				8265E821247E6694007F12B8 /* UIImage+Color.h */,
				8265E820247E6694007F12B8 /* UIImage+Color.m */,
				8265E81A247E60C2007F12B8 /* UIView+Frame.h */,
				8265E819247E60C2007F12B8 /* UIView+Frame.m */,
			);
			path = Category;
			sourceTree = "<group>";
		};
		82D2F3E52441C01C00E4542D /* Main */ = {
			isa = PBXGroup;
			children = (
				8265E815247E5F63007F12B8 /* View */,
				822BEDD9244304F200BC502C /* MainViewController.h */,
				822BEDDA244304F200BC502C /* MainViewController.m */,
				8265E823247E6AD0007F12B8 /* BannerViewController.h */,
				8265E824247E6AD0007F12B8 /* BannerViewController.m */,
			);
			path = Main;
			sourceTree = "<group>";
		};
		82D2F3E62441C01C00E4542D /* Tools */ = {
			isa = PBXGroup;
			children = (
				8290213424FDE20C007FDA90 /* YHAlertView */,
				823496112465958E00CCA4CC /* HyCycleView */,
				824EBAE124650361006EAE15 /* YHCycleScrollView */,
				8234961E24659ABC00CCA4CC /* YHView.h */,
				8234961F24659ABC00CCA4CC /* YHView.m */,
			);
			path = Tools;
			sourceTree = "<group>";
		};
		82D2F3E72441C01C00E4542D /* Manager */ = {
			isa = PBXGroup;
			children = (
			);
			path = Manager;
			sourceTree = "<group>";
		};
		82D2F3E82441C01D00E4542D /* My */ = {
			isa = PBXGroup;
			children = (
				82B652D8244FE27C00EA4601 /* Controller */,
				82B652DA244FE27C00EA4601 /* Model */,
				82B652DB244FE27C00EA4601 /* View */,
				82B652D9244FE27C00EA4601 /* ViewModel */,
			);
			path = My;
			sourceTree = "<group>";
		};
		82D2F3E92441C01D00E4542D /* Other */ = {
			isa = PBXGroup;
			children = (
				82D2F3AD2441BED000E4542D /* AppDelegate.h */,
				82D2F3AE2441BED000E4542D /* AppDelegate.m */,
				82D2F3B02441BED000E4542D /* SceneDelegate.h */,
				82D2F3B12441BED000E4542D /* SceneDelegate.m */,
				82D2F3B32441BED000E4542D /* ViewController.h */,
				82D2F3B42441BED000E4542D /* ViewController.m */,
				82D2F3B62441BED000E4542D /* Main.storyboard */,
				82D2F3BB2441BED100E4542D /* LaunchScreen.storyboard */,
				82D2F3BF2441BED100E4542D /* main.m */,
				82D2F3BE2441BED100E4542D /* Info.plist */,
			);
			path = Other;
			sourceTree = "<group>";
		};
		82D2F3EA2441C02400E4542D /* Base */ = {
			isa = PBXGroup;
			children = (
				822BEDD02443031700BC502C /* BaseViewController.h */,
				822BEDD12443031700BC502C /* BaseViewController.m */,
				822BEDD32443036B00BC502C /* BaseNavigationController.h */,
				822BEDD42443036B00BC502C /* BaseNavigationController.m */,
				822BEDD62443041300BC502C /* BaseTabBarController.h */,
				822BEDD72443041300BC502C /* BaseTabBarController.m */,
				8265E81D247E655A007F12B8 /* OCRecoverViewController.h */,
				8265E81E247E655A007F12B8 /* OCRecoverViewController.m */,
			);
			path = Base;
			sourceTree = "<group>";
		};
		82E462E52445F67D000EB6DD /* Explore */ = {
			isa = PBXGroup;
			children = (
				82E462E92445F6CE000EB6DD /* Controller */,
				82E462E62445F6CE000EB6DD /* Model */,
				82E462E72445F6CE000EB6DD /* View */,
				82E462E82445F6CE000EB6DD /* ViewModel */,
			);
			path = Explore;
			sourceTree = "<group>";
		};
		82E462E62445F6CE000EB6DD /* Model */ = {
			isa = PBXGroup;
			children = (
			);
			path = Model;
			sourceTree = "<group>";
		};
		82E462E72445F6CE000EB6DD /* View */ = {
			isa = PBXGroup;
			children = (
			);
			path = View;
			sourceTree = "<group>";
		};
		82E462E82445F6CE000EB6DD /* ViewModel */ = {
			isa = PBXGroup;
			children = (
			);
			path = ViewModel;
			sourceTree = "<group>";
		};
		82E462E92445F6CE000EB6DD /* Controller */ = {
			isa = PBXGroup;
			children = (
				82E462EA2445F6E4000EB6DD /* ExploreViewController.h */,
				82E462EB2445F6E4000EB6DD /* ExploreViewController.m */,
			);
			path = Controller;
			sourceTree = "<group>";
		};
/* End PBXGroup section */

/* Begin PBXNativeTarget section */
		82D2F3A92441BED000E4542D /* YHKit */ = {
			isa = PBXNativeTarget;
			buildConfigurationList = 82D2F3D92441BED200E4542D /* Build configuration list for PBXNativeTarget "YHKit" */;
			buildPhases = (
				FF7276419762439267713DD0 /* [CP] Check Pods Manifest.lock */,
				82D2F3A62441BED000E4542D /* Sources */,
				82D2F3A72441BED000E4542D /* Frameworks */,
				82D2F3A82441BED000E4542D /* Resources */,
				479878CA8DF0732F0A464AA9 /* [CP] Embed Pods Frameworks */,
			);
			buildRules = (
			);
			dependencies = (
			);
			name = YHKit;
			productName = YHKit;
			productReference = 82D2F3AA2441BED000E4542D /* YHKit.app */;
			productType = "com.apple.product-type.application";
		};
		82D2F3C42441BED200E4542D /* YHKitTests */ = {
			isa = PBXNativeTarget;
			buildConfigurationList = 82D2F3DC2441BED200E4542D /* Build configuration list for PBXNativeTarget "YHKitTests" */;
			buildPhases = (
				82D2F3C12441BED200E4542D /* Sources */,
				82D2F3C22441BED200E4542D /* Frameworks */,
				82D2F3C32441BED200E4542D /* Resources */,
			);
			buildRules = (
			);
			dependencies = (
				82D2F3C72441BED200E4542D /* PBXTargetDependency */,
			);
			name = YHKitTests;
			productName = YHKitTests;
			productReference = 82D2F3C52441BED200E4542D /* YHKitTests.xctest */;
			productType = "com.apple.product-type.bundle.unit-test";
		};
		82D2F3CF2441BED200E4542D /* YHKitUITests */ = {
			isa = PBXNativeTarget;
			buildConfigurationList = 82D2F3DF2441BED200E4542D /* Build configuration list for PBXNativeTarget "YHKitUITests" */;
			buildPhases = (
				82D2F3CC2441BED200E4542D /* Sources */,
				82D2F3CD2441BED200E4542D /* Frameworks */,
				82D2F3CE2441BED200E4542D /* Resources */,
			);
			buildRules = (
			);
			dependencies = (
				82D2F3D22441BED200E4542D /* PBXTargetDependency */,
			);
			name = YHKitUITests;
			productName = YHKitUITests;
			productReference = 82D2F3D02441BED200E4542D /* YHKitUITests.xctest */;
			productType = "com.apple.product-type.bundle.ui-testing";
		};
/* End PBXNativeTarget section */

/* Begin PBXProject section */
		82D2F3A22441BED000E4542D /* Project object */ = {
			isa = PBXProject;
			attributes = {
				LastUpgradeCheck = 1120;
				ORGANIZATIONNAME = "小河";
				TargetAttributes = {
					82D2F3A92441BED000E4542D = {
						CreatedOnToolsVersion = 11.2.1;
						LastSwiftMigration = 1150;
					};
					82D2F3C42441BED200E4542D = {
						CreatedOnToolsVersion = 11.2.1;
						TestTargetID = 82D2F3A92441BED000E4542D;
					};
					82D2F3CF2441BED200E4542D = {
						CreatedOnToolsVersion = 11.2.1;
						TestTargetID = 82D2F3A92441BED000E4542D;
					};
				};
			};
			buildConfigurationList = 82D2F3A52441BED000E4542D /* Build configuration list for PBXProject "YHKit" */;
			compatibilityVersion = "Xcode 9.3";
			developmentRegion = en;
			hasScannedForEncodings = 0;
			knownRegions = (
				en,
				Base,
			);
			mainGroup = 82D2F3A12441BED000E4542D;
			productRefGroup = 82D2F3AB2441BED000E4542D /* Products */;
			projectDirPath = "";
			projectRoot = "";
			targets = (
				82D2F3A92441BED000E4542D /* YHKit */,
				82D2F3C42441BED200E4542D /* YHKitTests */,
				82D2F3CF2441BED200E4542D /* YHKitUITests */,
			);
		};
/* End PBXProject section */

/* Begin PBXResourcesBuildPhase section */
		82D2F3A82441BED000E4542D /* Resources */ = {
			isa = PBXResourcesBuildPhase;
			buildActionMask = 2147483647;
			files = (
				82D2F3BD2441BED100E4542D /* LaunchScreen.storyboard in Resources */,
				825485A7250A0B14000849E1 /* main_top_bg.png in Resources */,
				82D2F3BA2441BED100E4542D /* Assets.xcassets in Resources */,
				82D2F3B82441BED000E4542D /* Main.storyboard in Resources */,
			);
			runOnlyForDeploymentPostprocessing = 0;
		};
		82D2F3C32441BED200E4542D /* Resources */ = {
			isa = PBXResourcesBuildPhase;
			buildActionMask = 2147483647;
			files = (
			);
			runOnlyForDeploymentPostprocessing = 0;
		};
		82D2F3CE2441BED200E4542D /* Resources */ = {
			isa = PBXResourcesBuildPhase;
			buildActionMask = 2147483647;
			files = (
			);
			runOnlyForDeploymentPostprocessing = 0;
		};
/* End PBXResourcesBuildPhase section */

/* Begin PBXShellScriptBuildPhase section */
		479878CA8DF0732F0A464AA9 /* [CP] Embed Pods Frameworks */ = {
			isa = PBXShellScriptBuildPhase;
			buildActionMask = 2147483647;
			files = (
			);
			inputFileListPaths = (
				"${PODS_ROOT}/Target Support Files/Pods-YHKit/Pods-YHKit-frameworks-${CONFIGURATION}-input-files.xcfilelist",
			);
			name = "[CP] Embed Pods Frameworks";
			outputFileListPaths = (
				"${PODS_ROOT}/Target Support Files/Pods-YHKit/Pods-YHKit-frameworks-${CONFIGURATION}-output-files.xcfilelist",
			);
			runOnlyForDeploymentPostprocessing = 0;
			shellPath = /bin/sh;
			shellScript = "\"${PODS_ROOT}/Target Support Files/Pods-YHKit/Pods-YHKit-frameworks.sh\"\n";
			showEnvVarsInLog = 0;
		};
		FF7276419762439267713DD0 /* [CP] Check Pods Manifest.lock */ = {
			isa = PBXShellScriptBuildPhase;
			buildActionMask = 2147483647;
			files = (
			);
			inputFileListPaths = (
			);
			inputPaths = (
				"${PODS_PODFILE_DIR_PATH}/Podfile.lock",
				"${PODS_ROOT}/Manifest.lock",
			);
			name = "[CP] Check Pods Manifest.lock";
			outputFileListPaths = (
			);
			outputPaths = (
				"$(DERIVED_FILE_DIR)/Pods-YHKit-checkManifestLockResult.txt",
			);
			runOnlyForDeploymentPostprocessing = 0;
			shellPath = /bin/sh;
			shellScript = "diff \"${PODS_PODFILE_DIR_PATH}/Podfile.lock\" \"${PODS_ROOT}/Manifest.lock\" > /dev/null\nif [ $? != 0 ] ; then\n    # print error to STDERR\n    echo \"error: The sandbox is not in sync with the Podfile.lock. Run 'pod install' or update your CocoaPods installation.\" >&2\n    exit 1\nfi\n# This output is used by Xcode 'outputs' to avoid re-running this script phase.\necho \"SUCCESS\" > \"${SCRIPT_OUTPUT_FILE_0}\"\n";
			showEnvVarsInLog = 0;
		};
/* End PBXShellScriptBuildPhase section */

/* Begin PBXSourcesBuildPhase section */
		82D2F3A62441BED000E4542D /* Sources */ = {
			isa = PBXSourcesBuildPhase;
			buildActionMask = 2147483647;
			files = (
				8234961C2465958E00CCA4CC /* UIView+HyFrame.m in Sources */,
				82E462EC2445F6E4000EB6DD /* ExploreViewController.m in Sources */,
				8234961B2465958E00CCA4CC /* HySegmentView.m in Sources */,
				8265E81F247E655A007F12B8 /* OCRecoverViewController.m in Sources */,
				822BEDD82443041300BC502C /* BaseTabBarController.m in Sources */,
				8234961D2465958E00CCA4CC /* HyCycleView.m in Sources */,
				8234961A2465958E00CCA4CC /* HyCyclePageView.m in Sources */,
				822BEDD52443036B00BC502C /* BaseNavigationController.m in Sources */,
				8265E825247E6AD0007F12B8 /* BannerViewController.m in Sources */,
				8290213724FDE20C007FDA90 /* YHHUD.m in Sources */,
				82D2F3B52441BED000E4542D /* ViewController.m in Sources */,
				8265E822247E6694007F12B8 /* UIImage+Color.m in Sources */,
				82B652DE244FE29000EA4601 /* MyViewController.m in Sources */,
				822BEDDB244304F200BC502C /* MainViewController.m in Sources */,
				8265E81B247E60C2007F12B8 /* UIView+Frame.m in Sources */,
				823496102465624F00CCA4CC /* YHCustomDotView.m in Sources */,
				822BEDD22443031800BC502C /* BaseViewController.m in Sources */,
				82D2F3AF2441BED000E4542D /* AppDelegate.m in Sources */,
				824EBAE424650384006EAE15 /* YHCycleScrollView.m in Sources */,
				8265E818247E5FAA007F12B8 /* MainTableView.m in Sources */,
				82D2F3C02441BED100E4542D /* main.m in Sources */,
				82D2F3B22441BED000E4542D /* SceneDelegate.m in Sources */,
				8234962024659ABC00CCA4CC /* YHView.m in Sources */,
			);
			runOnlyForDeploymentPostprocessing = 0;
		};
		82D2F3C12441BED200E4542D /* Sources */ = {
			isa = PBXSourcesBuildPhase;
			buildActionMask = 2147483647;
			files = (
				82D2F3CA2441BED200E4542D /* YHKitTests.m in Sources */,
			);
			runOnlyForDeploymentPostprocessing = 0;
		};
		82D2F3CC2441BED200E4542D /* Sources */ = {
			isa = PBXSourcesBuildPhase;
			buildActionMask = 2147483647;
			files = (
				82D2F3D52441BED200E4542D /* YHKitUITests.m in Sources */,
			);
			runOnlyForDeploymentPostprocessing = 0;
		};
/* End PBXSourcesBuildPhase section */

/* Begin PBXTargetDependency section */
		82D2F3C72441BED200E4542D /* PBXTargetDependency */ = {
			isa = PBXTargetDependency;
			target = 82D2F3A92441BED000E4542D /* YHKit */;
			targetProxy = 82D2F3C62441BED200E4542D /* PBXContainerItemProxy */;
		};
		82D2F3D22441BED200E4542D /* PBXTargetDependency */ = {
			isa = PBXTargetDependency;
			target = 82D2F3A92441BED000E4542D /* YHKit */;
			targetProxy = 82D2F3D12441BED200E4542D /* PBXContainerItemProxy */;
		};
/* End PBXTargetDependency section */

/* Begin PBXVariantGroup section */
		82D2F3B62441BED000E4542D /* Main.storyboard */ = {
			isa = PBXVariantGroup;
			children = (
				82D2F3B72441BED000E4542D /* Base */,
			);
			name = Main.storyboard;
			sourceTree = "<group>";
		};
		82D2F3BB2441BED100E4542D /* LaunchScreen.storyboard */ = {
			isa = PBXVariantGroup;
			children = (
				82D2F3BC2441BED100E4542D /* Base */,
			);
			name = LaunchScreen.storyboard;
			sourceTree = "<group>";
		};
/* End PBXVariantGroup section */

/* Begin XCBuildConfiguration section */
		82D2F3D72441BED200E4542D /* Debug */ = {
			isa = XCBuildConfiguration;
			buildSettings = {
				ALWAYS_SEARCH_USER_PATHS = NO;
				CLANG_ANALYZER_NONNULL = YES;
				CLANG_ANALYZER_NUMBER_OBJECT_CONVERSION = YES_AGGRESSIVE;
				CLANG_CXX_LANGUAGE_STANDARD = "gnu++14";
				CLANG_CXX_LIBRARY = "libc++";
				CLANG_ENABLE_MODULES = YES;
				CLANG_ENABLE_OBJC_ARC = YES;
				CLANG_ENABLE_OBJC_WEAK = YES;
				CLANG_WARN_BLOCK_CAPTURE_AUTORELEASING = YES;
				CLANG_WARN_BOOL_CONVERSION = YES;
				CLANG_WARN_COMMA = YES;
				CLANG_WARN_CONSTANT_CONVERSION = YES;
				CLANG_WARN_DEPRECATED_OBJC_IMPLEMENTATIONS = YES;
				CLANG_WARN_DIRECT_OBJC_ISA_USAGE = YES_ERROR;
				CLANG_WARN_DOCUMENTATION_COMMENTS = YES;
				CLANG_WARN_EMPTY_BODY = YES;
				CLANG_WARN_ENUM_CONVERSION = YES;
				CLANG_WARN_INFINITE_RECURSION = YES;
				CLANG_WARN_INT_CONVERSION = YES;
				CLANG_WARN_NON_LITERAL_NULL_CONVERSION = YES;
				CLANG_WARN_OBJC_IMPLICIT_RETAIN_SELF = YES;
				CLANG_WARN_OBJC_LITERAL_CONVERSION = YES;
				CLANG_WARN_OBJC_ROOT_CLASS = YES_ERROR;
				CLANG_WARN_RANGE_LOOP_ANALYSIS = YES;
				CLANG_WARN_STRICT_PROTOTYPES = YES;
				CLANG_WARN_SUSPICIOUS_MOVE = YES;
				CLANG_WARN_UNGUARDED_AVAILABILITY = YES_AGGRESSIVE;
				CLANG_WARN_UNREACHABLE_CODE = YES;
				CLANG_WARN__DUPLICATE_METHOD_MATCH = YES;
				COPY_PHASE_STRIP = NO;
				DEBUG_INFORMATION_FORMAT = dwarf;
				ENABLE_STRICT_OBJC_MSGSEND = YES;
				ENABLE_TESTABILITY = YES;
				GCC_C_LANGUAGE_STANDARD = gnu11;
				GCC_DYNAMIC_NO_PIC = NO;
				GCC_NO_COMMON_BLOCKS = YES;
				GCC_OPTIMIZATION_LEVEL = 0;
				GCC_PREPROCESSOR_DEFINITIONS = (
					"DEBUG=1",
					"$(inherited)",
				);
				GCC_WARN_64_TO_32_BIT_CONVERSION = YES;
				GCC_WARN_ABOUT_RETURN_TYPE = YES_ERROR;
				GCC_WARN_UNDECLARED_SELECTOR = YES;
				GCC_WARN_UNINITIALIZED_AUTOS = YES_AGGRESSIVE;
				GCC_WARN_UNUSED_FUNCTION = YES;
				GCC_WARN_UNUSED_VARIABLE = YES;
				IPHONEOS_DEPLOYMENT_TARGET = 13.2;
				MTL_ENABLE_DEBUG_INFO = INCLUDE_SOURCE;
				MTL_FAST_MATH = YES;
				ONLY_ACTIVE_ARCH = YES;
				SDKROOT = iphoneos;
			};
			name = Debug;
		};
		82D2F3D82441BED200E4542D /* Release */ = {
			isa = XCBuildConfiguration;
			buildSettings = {
				ALWAYS_SEARCH_USER_PATHS = NO;
				CLANG_ANALYZER_NONNULL = YES;
				CLANG_ANALYZER_NUMBER_OBJECT_CONVERSION = YES_AGGRESSIVE;
				CLANG_CXX_LANGUAGE_STANDARD = "gnu++14";
				CLANG_CXX_LIBRARY = "libc++";
				CLANG_ENABLE_MODULES = YES;
				CLANG_ENABLE_OBJC_ARC = YES;
				CLANG_ENABLE_OBJC_WEAK = YES;
				CLANG_WARN_BLOCK_CAPTURE_AUTORELEASING = YES;
				CLANG_WARN_BOOL_CONVERSION = YES;
				CLANG_WARN_COMMA = YES;
				CLANG_WARN_CONSTANT_CONVERSION = YES;
				CLANG_WARN_DEPRECATED_OBJC_IMPLEMENTATIONS = YES;
				CLANG_WARN_DIRECT_OBJC_ISA_USAGE = YES_ERROR;
				CLANG_WARN_DOCUMENTATION_COMMENTS = YES;
				CLANG_WARN_EMPTY_BODY = YES;
				CLANG_WARN_ENUM_CONVERSION = YES;
				CLANG_WARN_INFINITE_RECURSION = YES;
				CLANG_WARN_INT_CONVERSION = YES;
				CLANG_WARN_NON_LITERAL_NULL_CONVERSION = YES;
				CLANG_WARN_OBJC_IMPLICIT_RETAIN_SELF = YES;
				CLANG_WARN_OBJC_LITERAL_CONVERSION = YES;
				CLANG_WARN_OBJC_ROOT_CLASS = YES_ERROR;
				CLANG_WARN_RANGE_LOOP_ANALYSIS = YES;
				CLANG_WARN_STRICT_PROTOTYPES = YES;
				CLANG_WARN_SUSPICIOUS_MOVE = YES;
				CLANG_WARN_UNGUARDED_AVAILABILITY = YES_AGGRESSIVE;
				CLANG_WARN_UNREACHABLE_CODE = YES;
				CLANG_WARN__DUPLICATE_METHOD_MATCH = YES;
				COPY_PHASE_STRIP = NO;
				DEBUG_INFORMATION_FORMAT = "dwarf-with-dsym";
				ENABLE_NS_ASSERTIONS = NO;
				ENABLE_STRICT_OBJC_MSGSEND = YES;
				GCC_C_LANGUAGE_STANDARD = gnu11;
				GCC_NO_COMMON_BLOCKS = YES;
				GCC_WARN_64_TO_32_BIT_CONVERSION = YES;
				GCC_WARN_ABOUT_RETURN_TYPE = YES_ERROR;
				GCC_WARN_UNDECLARED_SELECTOR = YES;
				GCC_WARN_UNINITIALIZED_AUTOS = YES_AGGRESSIVE;
				GCC_WARN_UNUSED_FUNCTION = YES;
				GCC_WARN_UNUSED_VARIABLE = YES;
				IPHONEOS_DEPLOYMENT_TARGET = 13.2;
				MTL_ENABLE_DEBUG_INFO = NO;
				MTL_FAST_MATH = YES;
				SDKROOT = iphoneos;
				VALIDATE_PRODUCT = YES;
			};
			name = Release;
		};
		82D2F3DA2441BED200E4542D /* Debug */ = {
			isa = XCBuildConfiguration;
			baseConfigurationReference = 5BA8CA729EEB55EB01C02347 /* Pods-YHKit.debug.xcconfig */;
			buildSettings = {
				ASSETCATALOG_COMPILER_APPICON_NAME = AppIcon;
				CLANG_ENABLE_MODULES = YES;
				CODE_SIGN_STYLE = Automatic;
				DEVELOPMENT_TEAM = BJV3NYPH9M;
				GCC_PREFIX_HEADER = "$(SRCROOT)/YHKit/Config/PrefixHeader.pch";
				INFOPLIST_FILE = YHKit/Other/Info.plist;
				IPHONEOS_DEPLOYMENT_TARGET = 9.0;
				LD_RUNPATH_SEARCH_PATHS = (
					"$(inherited)",
					"@executable_path/Frameworks",
				);
				PRODUCT_BUNDLE_IDENTIFIER = August.YHKit;
				PRODUCT_NAME = "$(TARGET_NAME)";
				SWIFT_OBJC_BRIDGING_HEADER = "YHKit/YHKit-Bridging-Header.h";
				SWIFT_OPTIMIZATION_LEVEL = "-Onone";
				SWIFT_VERSION = 5.0;
				TARGETED_DEVICE_FAMILY = "1,2";
			};
			name = Debug;
		};
		82D2F3DB2441BED200E4542D /* Release */ = {
			isa = XCBuildConfiguration;
			baseConfigurationReference = D1C2D03CFEA05255A4589483 /* Pods-YHKit.release.xcconfig */;
			buildSettings = {
				ASSETCATALOG_COMPILER_APPICON_NAME = AppIcon;
				CLANG_ENABLE_MODULES = YES;
				CODE_SIGN_STYLE = Automatic;
				DEVELOPMENT_TEAM = BJV3NYPH9M;
				GCC_PREFIX_HEADER = "$(SRCROOT)/YHKit/Config/PrefixHeader.pch";
				INFOPLIST_FILE = YHKit/Other/Info.plist;
				IPHONEOS_DEPLOYMENT_TARGET = 9.0;
				LD_RUNPATH_SEARCH_PATHS = (
					"$(inherited)",
					"@executable_path/Frameworks",
				);
				PRODUCT_BUNDLE_IDENTIFIER = August.YHKit;
				PRODUCT_NAME = "$(TARGET_NAME)";
				SWIFT_OBJC_BRIDGING_HEADER = "YHKit/YHKit-Bridging-Header.h";
				SWIFT_VERSION = 5.0;
				TARGETED_DEVICE_FAMILY = "1,2";
			};
			name = Release;
		};
		82D2F3DD2441BED200E4542D /* Debug */ = {
			isa = XCBuildConfiguration;
			buildSettings = {
				BUNDLE_LOADER = "$(TEST_HOST)";
				CODE_SIGN_STYLE = Automatic;
				DEVELOPMENT_TEAM = BJV3NYPH9M;
				INFOPLIST_FILE = YHKitTests/Info.plist;
				IPHONEOS_DEPLOYMENT_TARGET = 13.2;
				LD_RUNPATH_SEARCH_PATHS = (
					"$(inherited)",
					"@executable_path/Frameworks",
					"@loader_path/Frameworks",
				);
				PRODUCT_BUNDLE_IDENTIFIER = August.YHKitTests;
				PRODUCT_NAME = "$(TARGET_NAME)";
				TARGETED_DEVICE_FAMILY = "1,2";
				TEST_HOST = "$(BUILT_PRODUCTS_DIR)/YHKit.app/YHKit";
			};
			name = Debug;
		};
		82D2F3DE2441BED200E4542D /* Release */ = {
			isa = XCBuildConfiguration;
			buildSettings = {
				BUNDLE_LOADER = "$(TEST_HOST)";
				CODE_SIGN_STYLE = Automatic;
				DEVELOPMENT_TEAM = BJV3NYPH9M;
				INFOPLIST_FILE = YHKitTests/Info.plist;
				IPHONEOS_DEPLOYMENT_TARGET = 13.2;
				LD_RUNPATH_SEARCH_PATHS = (
					"$(inherited)",
					"@executable_path/Frameworks",
					"@loader_path/Frameworks",
				);
				PRODUCT_BUNDLE_IDENTIFIER = August.YHKitTests;
				PRODUCT_NAME = "$(TARGET_NAME)";
				TARGETED_DEVICE_FAMILY = "1,2";
				TEST_HOST = "$(BUILT_PRODUCTS_DIR)/YHKit.app/YHKit";
			};
			name = Release;
		};
		82D2F3E02441BED200E4542D /* Debug */ = {
			isa = XCBuildConfiguration;
			buildSettings = {
				CODE_SIGN_STYLE = Automatic;
				DEVELOPMENT_TEAM = BJV3NYPH9M;
				INFOPLIST_FILE = YHKitUITests/Info.plist;
				LD_RUNPATH_SEARCH_PATHS = (
					"$(inherited)",
					"@executable_path/Frameworks",
					"@loader_path/Frameworks",
				);
				PRODUCT_BUNDLE_IDENTIFIER = August.YHKitUITests;
				PRODUCT_NAME = "$(TARGET_NAME)";
				TARGETED_DEVICE_FAMILY = "1,2";
				TEST_TARGET_NAME = YHKit;
			};
			name = Debug;
		};
		82D2F3E12441BED200E4542D /* Release */ = {
			isa = XCBuildConfiguration;
			buildSettings = {
				CODE_SIGN_STYLE = Automatic;
				DEVELOPMENT_TEAM = BJV3NYPH9M;
				INFOPLIST_FILE = YHKitUITests/Info.plist;
				LD_RUNPATH_SEARCH_PATHS = (
					"$(inherited)",
					"@executable_path/Frameworks",
					"@loader_path/Frameworks",
				);
				PRODUCT_BUNDLE_IDENTIFIER = August.YHKitUITests;
				PRODUCT_NAME = "$(TARGET_NAME)";
				TARGETED_DEVICE_FAMILY = "1,2";
				TEST_TARGET_NAME = YHKit;
			};
			name = Release;
		};
/* End XCBuildConfiguration section */

/* Begin XCConfigurationList section */
		82D2F3A52441BED000E4542D /* Build configuration list for PBXProject "YHKit" */ = {
			isa = XCConfigurationList;
			buildConfigurations = (
				82D2F3D72441BED200E4542D /* Debug */,
				82D2F3D82441BED200E4542D /* Release */,
			);
			defaultConfigurationIsVisible = 0;
			defaultConfigurationName = Release;
		};
		82D2F3D92441BED200E4542D /* Build configuration list for PBXNativeTarget "YHKit" */ = {
			isa = XCConfigurationList;
			buildConfigurations = (
				82D2F3DA2441BED200E4542D /* Debug */,
				82D2F3DB2441BED200E4542D /* Release */,
			);
			defaultConfigurationIsVisible = 0;
			defaultConfigurationName = Release;
		};
		82D2F3DC2441BED200E4542D /* Build configuration list for PBXNativeTarget "YHKitTests" */ = {
			isa = XCConfigurationList;
			buildConfigurations = (
				82D2F3DD2441BED200E4542D /* Debug */,
				82D2F3DE2441BED200E4542D /* Release */,
			);
			defaultConfigurationIsVisible = 0;
			defaultConfigurationName = Release;
		};
		82D2F3DF2441BED200E4542D /* Build configuration list for PBXNativeTarget "YHKitUITests" */ = {
			isa = XCConfigurationList;
			buildConfigurations = (
				82D2F3E02441BED200E4542D /* Debug */,
				82D2F3E12441BED200E4542D /* Release */,
			);
			defaultConfigurationIsVisible = 0;
			defaultConfigurationName = Release;
		};
/* End XCConfigurationList section */
	};
	rootObject = 82D2F3A22441BED000E4542D /* Project object */;
}
